// !$*UTF8*$!
{
	archiveVersion = 1;
	classes = {
	};
	objectVersion = 56;
	objects = {

/* Begin PBXBuildFile section */
		DE4274442980121F0003DCE3 /* DeclarativeAndRequestExampleApp.swift in Sources */ = {isa = PBXBuildFile; fileRef = DE4274432980121F0003DCE3 /* DeclarativeAndRequestExampleApp.swift */; };
		DE4274462980121F0003DCE3 /* ContentView.swift in Sources */ = {isa = PBXBuildFile; fileRef = DE4274452980121F0003DCE3 /* ContentView.swift */; };
		DE427448298012200003DCE3 /* Assets.xcassets in Resources */ = {isa = PBXBuildFile; fileRef = DE427447298012200003DCE3 /* Assets.xcassets */; };
		DE42744B298012200003DCE3 /* Preview Assets.xcassets in Resources */ = {isa = PBXBuildFile; fileRef = DE42744A298012200003DCE3 /* Preview Assets.xcassets */; };
		DE427455298012200003DCE3 /* DeclarativeAndRequestExampleTests.swift in Sources */ = {isa = PBXBuildFile; fileRef = DE427454298012200003DCE3 /* DeclarativeAndRequestExampleTests.swift */; };
		DE42745F298012200003DCE3 /* DeclarativeAndRequestExampleUITests.swift in Sources */ = {isa = PBXBuildFile; fileRef = DE42745E298012200003DCE3 /* DeclarativeAndRequestExampleUITests.swift */; };
		DE427461298012200003DCE3 /* DeclarativeAndRequestExampleUITestsLaunchTests.swift in Sources */ = {isa = PBXBuildFile; fileRef = DE427460298012200003DCE3 /* DeclarativeAndRequestExampleUITestsLaunchTests.swift */; };
		DE42746F298013840003DCE3 /* Realm in Frameworks */ = {isa = PBXBuildFile; productRef = DE42746E298013840003DCE3 /* Realm */; };
		DE427471298013840003DCE3 /* RealmSwift in Frameworks */ = {isa = PBXBuildFile; productRef = DE427470298013840003DCE3 /* RealmSwift */; };
		DE427474298013CD0003DCE3 /* SDWebImageSwiftUI in Frameworks */ = {isa = PBXBuildFile; productRef = DE427473298013CD0003DCE3 /* SDWebImageSwiftUI */; };
		DE427477298014950003DCE3 /* Apollo in Frameworks */ = {isa = PBXBuildFile; productRef = DE427476298014950003DCE3 /* Apollo */; };
		DEB8DC022A0E83D700DFA8A7 /* NewsEntity.swift in Sources */ = {isa = PBXBuildFile; fileRef = DEB8DC012A0E83D700DFA8A7 /* NewsEntity.swift */; };
		DEB8DC042A0E83E600DFA8A7 /* NewsViewModel.swift in Sources */ = {isa = PBXBuildFile; fileRef = DEB8DC032A0E83E600DFA8A7 /* NewsViewModel.swift */; };
		DEEAC1BE29FFB32B00BCA5C9 /* KeychainAccess in Frameworks */ = {isa = PBXBuildFile; productRef = DEEAC1BD29FFB32B00BCA5C9 /* KeychainAccess */; };
		DEEAC1C129FFB59C00BCA5C9 /* CollectionViewPagingLayout in Frameworks */ = {isa = PBXBuildFile; productRef = DEEAC1C029FFB59C00BCA5C9 /* CollectionViewPagingLayout */; };
		DEEAC20B2A07C3AC00BCA5C9 /* Parchment in Frameworks */ = {isa = PBXBuildFile; productRef = DEEAC20A2A07C3AC00BCA5C9 /* Parchment */; };
		DEEAC20F2A09DB6900BCA5C9 /* RealmAccessManager.swift in Sources */ = {isa = PBXBuildFile; fileRef = DEEAC20E2A09DB6900BCA5C9 /* RealmAccessManager.swift */; };
		DEEAC2112A09DCC800BCA5C9 /* KeychainAccessManager.swift in Sources */ = {isa = PBXBuildFile; fileRef = DEEAC2102A09DCC800BCA5C9 /* KeychainAccessManager.swift */; };
		DEEAC2132A0B90D200BCA5C9 /* FavoriteScreenView.swift in Sources */ = {isa = PBXBuildFile; fileRef = DEEAC2122A0B90D200BCA5C9 /* FavoriteScreenView.swift */; };
		DEEAC2152A0B910400BCA5C9 /* GalleryScreenView.swift in Sources */ = {isa = PBXBuildFile; fileRef = DEEAC2142A0B910400BCA5C9 /* GalleryScreenView.swift */; };
		DEEAC2172A0B911300BCA5C9 /* MainScreenView.swift in Sources */ = {isa = PBXBuildFile; fileRef = DEEAC2162A0B911300BCA5C9 /* MainScreenView.swift */; };
		DEEAC2192A0B913D00BCA5C9 /* FeaturedScreenView.swift in Sources */ = {isa = PBXBuildFile; fileRef = DEEAC2182A0B913D00BCA5C9 /* FeaturedScreenView.swift */; };
		DEEAC21C2A0B917600BCA5C9 /* LoginScreenView.swift in Sources */ = {isa = PBXBuildFile; fileRef = DEEAC21B2A0B917600BCA5C9 /* LoginScreenView.swift */; };
		DEEAC21F2A0B91C400BCA5C9 /* NewsScreenView.swift in Sources */ = {isa = PBXBuildFile; fileRef = DEEAC21E2A0B91C400BCA5C9 /* NewsScreenView.swift */; };
		DEEAC2222A0B91F400BCA5C9 /* FeaturedDetailScreenView.swift in Sources */ = {isa = PBXBuildFile; fileRef = DEEAC2212A0B91F400BCA5C9 /* FeaturedDetailScreenView.swift */; };
		DEEAC2252A0B92DA00BCA5C9 /* ArticleListViewScreen.swift in Sources */ = {isa = PBXBuildFile; fileRef = DEEAC2242A0B92DA00BCA5C9 /* ArticleListViewScreen.swift */; };
		DEEAC2272A0D0D0D00BCA5C9 /* MainViewModel.swift in Sources */ = {isa = PBXBuildFile; fileRef = DEEAC2262A0D0D0D00BCA5C9 /* MainViewModel.swift */; };
		DEEAC22C2A0D0EB300BCA5C9 /* ArticleEntity.swift in Sources */ = {isa = PBXBuildFile; fileRef = DEEAC22B2A0D0EB300BCA5C9 /* ArticleEntity.swift */; };
/* End PBXBuildFile section */

/* Begin PBXContainerItemProxy section */
		DE427451298012200003DCE3 /* PBXContainerItemProxy */ = {
			isa = PBXContainerItemProxy;
			containerPortal = DE4274382980121F0003DCE3 /* Project object */;
			proxyType = 1;
			remoteGlobalIDString = DE42743F2980121F0003DCE3;
			remoteInfo = DeclarativeAndRequestExample;
		};
		DE42745B298012200003DCE3 /* PBXContainerItemProxy */ = {
			isa = PBXContainerItemProxy;
			containerPortal = DE4274382980121F0003DCE3 /* Project object */;
			proxyType = 1;
			remoteGlobalIDString = DE42743F2980121F0003DCE3;
			remoteInfo = DeclarativeAndRequestExample;
		};
/* End PBXContainerItemProxy section */

/* Begin PBXFileReference section */
		DE4274402980121F0003DCE3 /* DeclarativeAndRequestExample.app */ = {isa = PBXFileReference; explicitFileType = wrapper.application; includeInIndex = 0; path = DeclarativeAndRequestExample.app; sourceTree = BUILT_PRODUCTS_DIR; };
		DE4274432980121F0003DCE3 /* DeclarativeAndRequestExampleApp.swift */ = {isa = PBXFileReference; lastKnownFileType = sourcecode.swift; path = DeclarativeAndRequestExampleApp.swift; sourceTree = "<group>"; };
		DE4274452980121F0003DCE3 /* ContentView.swift */ = {isa = PBXFileReference; lastKnownFileType = sourcecode.swift; path = ContentView.swift; sourceTree = "<group>"; };
		DE427447298012200003DCE3 /* Assets.xcassets */ = {isa = PBXFileReference; lastKnownFileType = folder.assetcatalog; path = Assets.xcassets; sourceTree = "<group>"; };
		DE42744A298012200003DCE3 /* Preview Assets.xcassets */ = {isa = PBXFileReference; lastKnownFileType = folder.assetcatalog; path = "Preview Assets.xcassets"; sourceTree = "<group>"; };
		DE427450298012200003DCE3 /* DeclarativeAndRequestExampleTests.xctest */ = {isa = PBXFileReference; explicitFileType = wrapper.cfbundle; includeInIndex = 0; path = DeclarativeAndRequestExampleTests.xctest; sourceTree = BUILT_PRODUCTS_DIR; };
		DE427454298012200003DCE3 /* DeclarativeAndRequestExampleTests.swift */ = {isa = PBXFileReference; lastKnownFileType = sourcecode.swift; path = DeclarativeAndRequestExampleTests.swift; sourceTree = "<group>"; };
		DE42745A298012200003DCE3 /* DeclarativeAndRequestExampleUITests.xctest */ = {isa = PBXFileReference; explicitFileType = wrapper.cfbundle; includeInIndex = 0; path = DeclarativeAndRequestExampleUITests.xctest; sourceTree = BUILT_PRODUCTS_DIR; };
		DE42745E298012200003DCE3 /* DeclarativeAndRequestExampleUITests.swift */ = {isa = PBXFileReference; lastKnownFileType = sourcecode.swift; path = DeclarativeAndRequestExampleUITests.swift; sourceTree = "<group>"; };
		DE427460298012200003DCE3 /* DeclarativeAndRequestExampleUITestsLaunchTests.swift */ = {isa = PBXFileReference; lastKnownFileType = sourcecode.swift; path = DeclarativeAndRequestExampleUITestsLaunchTests.swift; sourceTree = "<group>"; };
		DEB8DC012A0E83D700DFA8A7 /* NewsEntity.swift */ = {isa = PBXFileReference; lastKnownFileType = sourcecode.swift; path = NewsEntity.swift; sourceTree = "<group>"; };
		DEB8DC032A0E83E600DFA8A7 /* NewsViewModel.swift */ = {isa = PBXFileReference; lastKnownFileType = sourcecode.swift; path = NewsViewModel.swift; sourceTree = "<group>"; };
		DEEAC20E2A09DB6900BCA5C9 /* RealmAccessManager.swift */ = {isa = PBXFileReference; lastKnownFileType = sourcecode.swift; path = RealmAccessManager.swift; sourceTree = "<group>"; };
		DEEAC2102A09DCC800BCA5C9 /* KeychainAccessManager.swift */ = {isa = PBXFileReference; lastKnownFileType = sourcecode.swift; path = KeychainAccessManager.swift; sourceTree = "<group>"; };
		DEEAC2122A0B90D200BCA5C9 /* FavoriteScreenView.swift */ = {isa = PBXFileReference; lastKnownFileType = sourcecode.swift; path = FavoriteScreenView.swift; sourceTree = "<group>"; };
		DEEAC2142A0B910400BCA5C9 /* GalleryScreenView.swift */ = {isa = PBXFileReference; lastKnownFileType = sourcecode.swift; path = GalleryScreenView.swift; sourceTree = "<group>"; };
		DEEAC2162A0B911300BCA5C9 /* MainScreenView.swift */ = {isa = PBXFileReference; lastKnownFileType = sourcecode.swift; path = MainScreenView.swift; sourceTree = "<group>"; };
		DEEAC2182A0B913D00BCA5C9 /* FeaturedScreenView.swift */ = {isa = PBXFileReference; lastKnownFileType = sourcecode.swift; path = FeaturedScreenView.swift; sourceTree = "<group>"; };
		DEEAC21B2A0B917600BCA5C9 /* LoginScreenView.swift */ = {isa = PBXFileReference; lastKnownFileType = sourcecode.swift; path = LoginScreenView.swift; sourceTree = "<group>"; };
		DEEAC21E2A0B91C400BCA5C9 /* NewsScreenView.swift */ = {isa = PBXFileReference; lastKnownFileType = sourcecode.swift; path = NewsScreenView.swift; sourceTree = "<group>"; };
		DEEAC2212A0B91F400BCA5C9 /* FeaturedDetailScreenView.swift */ = {isa = PBXFileReference; lastKnownFileType = sourcecode.swift; path = FeaturedDetailScreenView.swift; sourceTree = "<group>"; };
		DEEAC2242A0B92DA00BCA5C9 /* ArticleListViewScreen.swift */ = {isa = PBXFileReference; lastKnownFileType = sourcecode.swift; path = ArticleListViewScreen.swift; sourceTree = "<group>"; };
		DEEAC2262A0D0D0D00BCA5C9 /* MainViewModel.swift */ = {isa = PBXFileReference; lastKnownFileType = sourcecode.swift; path = MainViewModel.swift; sourceTree = "<group>"; };
		DEEAC22B2A0D0EB300BCA5C9 /* ArticleEntity.swift */ = {isa = PBXFileReference; lastKnownFileType = sourcecode.swift; path = ArticleEntity.swift; sourceTree = "<group>"; };
/* End PBXFileReference section */

/* Begin PBXFrameworksBuildPhase section */
		DE42743D2980121F0003DCE3 /* Frameworks */ = {
			isa = PBXFrameworksBuildPhase;
			buildActionMask = 2147483647;
			files = (
				DE427474298013CD0003DCE3 /* SDWebImageSwiftUI in Frameworks */,
				DE427477298014950003DCE3 /* Apollo in Frameworks */,
				DEEAC20B2A07C3AC00BCA5C9 /* Parchment in Frameworks */,
				DE427471298013840003DCE3 /* RealmSwift in Frameworks */,
				DE42746F298013840003DCE3 /* Realm in Frameworks */,
				DEEAC1BE29FFB32B00BCA5C9 /* KeychainAccess in Frameworks */,
				DEEAC1C129FFB59C00BCA5C9 /* CollectionViewPagingLayout in Frameworks */,
			);
			runOnlyForDeploymentPostprocessing = 0;
		};
		DE42744D298012200003DCE3 /* Frameworks */ = {
			isa = PBXFrameworksBuildPhase;
			buildActionMask = 2147483647;
			files = (
			);
			runOnlyForDeploymentPostprocessing = 0;
		};
		DE427457298012200003DCE3 /* Frameworks */ = {
			isa = PBXFrameworksBuildPhase;
			buildActionMask = 2147483647;
			files = (
			);
			runOnlyForDeploymentPostprocessing = 0;
		};
/* End PBXFrameworksBuildPhase section */

/* Begin PBXGroup section */
		DE4274372980121F0003DCE3 = {
			isa = PBXGroup;
			children = (
				DE4274422980121F0003DCE3 /* DeclarativeAndRequestExample */,
				DE427453298012200003DCE3 /* DeclarativeAndRequestExampleTests */,
				DE42745D298012200003DCE3 /* DeclarativeAndRequestExampleUITests */,
				DE4274412980121F0003DCE3 /* Products */,
			);
			sourceTree = "<group>";
		};
		DE4274412980121F0003DCE3 /* Products */ = {
			isa = PBXGroup;
			children = (
				DE4274402980121F0003DCE3 /* DeclarativeAndRequestExample.app */,
				DE427450298012200003DCE3 /* DeclarativeAndRequestExampleTests.xctest */,
				DE42745A298012200003DCE3 /* DeclarativeAndRequestExampleUITests.xctest */,
			);
			name = Products;
			sourceTree = "<group>";
		};
		DE4274422980121F0003DCE3 /* DeclarativeAndRequestExample */ = {
			isa = PBXGroup;
			children = (
				DE427447298012200003DCE3 /* Assets.xcassets */,
				DE4274452980121F0003DCE3 /* ContentView.swift */,
				DE4274432980121F0003DCE3 /* DeclarativeAndRequestExampleApp.swift */,
				DEEAC2062A0661AE00BCA5C9 /* Domain */,
				DEEAC20D2A09DB4D00BCA5C9 /* Infrastructure */,
				DEEAC2082A06BB2200BCA5C9 /* GraphQL */,
				DEEAC2042A06617000BCA5C9 /* Screen */,
				DEEAC2052A06619100BCA5C9 /* View */,
				DEEAC2072A06BB1400BCA5C9 /* ViewModel */,
				DE427449298012200003DCE3 /* Preview Content */,
			);
			path = DeclarativeAndRequestExample;
			sourceTree = "<group>";
		};
		DE427449298012200003DCE3 /* Preview Content */ = {
			isa = PBXGroup;
			children = (
				DE42744A298012200003DCE3 /* Preview Assets.xcassets */,
			);
			path = "Preview Content";
			sourceTree = "<group>";
		};
		DE427453298012200003DCE3 /* DeclarativeAndRequestExampleTests */ = {
			isa = PBXGroup;
			children = (
				DE427454298012200003DCE3 /* DeclarativeAndRequestExampleTests.swift */,
			);
			path = DeclarativeAndRequestExampleTests;
			sourceTree = "<group>";
		};
		DE42745D298012200003DCE3 /* DeclarativeAndRequestExampleUITests */ = {
			isa = PBXGroup;
			children = (
				DE42745E298012200003DCE3 /* DeclarativeAndRequestExampleUITests.swift */,
				DE427460298012200003DCE3 /* DeclarativeAndRequestExampleUITestsLaunchTests.swift */,
			);
			path = DeclarativeAndRequestExampleUITests;
			sourceTree = "<group>";
		};
		DEEAC2002A06612B00BCA5C9 /* MainScreenView */ = {
			isa = PBXGroup;
			children = (
				DEEAC2162A0B911300BCA5C9 /* MainScreenView.swift */,
			);
			path = MainScreenView;
			sourceTree = "<group>";
		};
		DEEAC2012A06614400BCA5C9 /* FeaturedScreenView */ = {
			isa = PBXGroup;
			children = (
				DEEAC2182A0B913D00BCA5C9 /* FeaturedScreenView.swift */,
			);
			path = FeaturedScreenView;
			sourceTree = "<group>";
		};
		DEEAC2022A06615300BCA5C9 /* GalleryScreenView */ = {
			isa = PBXGroup;
			children = (
				DEEAC2142A0B910400BCA5C9 /* GalleryScreenView.swift */,
			);
			path = GalleryScreenView;
			sourceTree = "<group>";
		};
		DEEAC2032A06616200BCA5C9 /* FavoriteScreenView */ = {
			isa = PBXGroup;
			children = (
				DEEAC2122A0B90D200BCA5C9 /* FavoriteScreenView.swift */,
			);
			path = FavoriteScreenView;
			sourceTree = "<group>";
		};
		DEEAC2042A06617000BCA5C9 /* Screen */ = {
			isa = PBXGroup;
			children = (
				DEEAC2232A0B921D00BCA5C9 /* ArticleListViewScreen */,
				DEEAC21D2A0B91AF00BCA5C9 /* NewsScreenView */,
				DEEAC21A2A0B916600BCA5C9 /* LoginScreenView */,
				DEEAC2032A06616200BCA5C9 /* FavoriteScreenView */,
				DEEAC2022A06615300BCA5C9 /* GalleryScreenView */,
				DEEAC2012A06614400BCA5C9 /* FeaturedScreenView */,
				DEEAC2202A0B91E600BCA5C9 /* FeaturedDetailScreenView */,
				DEEAC2002A06612B00BCA5C9 /* MainScreenView */,
			);
			path = Screen;
			sourceTree = "<group>";
		};
		DEEAC2052A06619100BCA5C9 /* View */ = {
			isa = PBXGroup;
			children = (
			);
			path = View;
			sourceTree = "<group>";
		};
		DEEAC2062A0661AE00BCA5C9 /* Domain */ = {
			isa = PBXGroup;
			children = (
				DEEAC22A2A0D0E1900BCA5C9 /* Entity */,
				DEEAC20C2A09DABE00BCA5C9 /* Repository */,
			);
			path = Domain;
			sourceTree = "<group>";
		};
		DEEAC2072A06BB1400BCA5C9 /* ViewModel */ = {
			isa = PBXGroup;
			children = (
				DEEAC2262A0D0D0D00BCA5C9 /* MainViewModel.swift */,
				DEB8DC032A0E83E600DFA8A7 /* NewsViewModel.swift */,
			);
			path = ViewModel;
			sourceTree = "<group>";
		};
		DEEAC2082A06BB2200BCA5C9 /* GraphQL */ = {
			isa = PBXGroup;
			children = (
			);
			path = GraphQL;
			sourceTree = "<group>";
		};
		DEEAC20C2A09DABE00BCA5C9 /* Repository */ = {
			isa = PBXGroup;
			children = (
			);
			path = Repository;
			sourceTree = "<group>";
		};
		DEEAC20D2A09DB4D00BCA5C9 /* Infrastructure */ = {
			isa = PBXGroup;
			children = (
				DEEAC20E2A09DB6900BCA5C9 /* RealmAccessManager.swift */,
				DEEAC2102A09DCC800BCA5C9 /* KeychainAccessManager.swift */,
			);
			path = Infrastructure;
			sourceTree = "<group>";
		};
		DEEAC21A2A0B916600BCA5C9 /* LoginScreenView */ = {
			isa = PBXGroup;
			children = (
				DEEAC21B2A0B917600BCA5C9 /* LoginScreenView.swift */,
			);
			path = LoginScreenView;
			sourceTree = "<group>";
		};
		DEEAC21D2A0B91AF00BCA5C9 /* NewsScreenView */ = {
			isa = PBXGroup;
			children = (
				DEEAC21E2A0B91C400BCA5C9 /* NewsScreenView.swift */,
			);
			path = NewsScreenView;
			sourceTree = "<group>";
		};
		DEEAC2202A0B91E600BCA5C9 /* FeaturedDetailScreenView */ = {
			isa = PBXGroup;
			children = (
				DEEAC2212A0B91F400BCA5C9 /* FeaturedDetailScreenView.swift */,
			);
			path = FeaturedDetailScreenView;
			sourceTree = "<group>";
		};
		DEEAC2232A0B921D00BCA5C9 /* ArticleListViewScreen */ = {
			isa = PBXGroup;
			children = (
				DEEAC2242A0B92DA00BCA5C9 /* ArticleListViewScreen.swift */,
			);
			path = ArticleListViewScreen;
			sourceTree = "<group>";
		};
		DEEAC22A2A0D0E1900BCA5C9 /* Entity */ = {
			isa = PBXGroup;
			children = (
				DEB8DC012A0E83D700DFA8A7 /* NewsEntity.swift */,
				DEEAC22B2A0D0EB300BCA5C9 /* ArticleEntity.swift */,
			);
			path = Entity;
			sourceTree = "<group>";
		};
/* End PBXGroup section */

/* Begin PBXNativeTarget section */
		DE42743F2980121F0003DCE3 /* DeclarativeAndRequestExample */ = {
			isa = PBXNativeTarget;
			buildConfigurationList = DE427464298012200003DCE3 /* Build configuration list for PBXNativeTarget "DeclarativeAndRequestExample" */;
			buildPhases = (
				DE42743C2980121F0003DCE3 /* Sources */,
				DE42743D2980121F0003DCE3 /* Frameworks */,
				DE42743E2980121F0003DCE3 /* Resources */,
			);
			buildRules = (
			);
			dependencies = (
			);
			name = DeclarativeAndRequestExample;
			packageProductDependencies = (
				DE42746E298013840003DCE3 /* Realm */,
				DE427470298013840003DCE3 /* RealmSwift */,
				DE427473298013CD0003DCE3 /* SDWebImageSwiftUI */,
				DE427476298014950003DCE3 /* Apollo */,
				DEEAC1BD29FFB32B00BCA5C9 /* KeychainAccess */,
				DEEAC1C029FFB59C00BCA5C9 /* CollectionViewPagingLayout */,
				DEEAC20A2A07C3AC00BCA5C9 /* Parchment */,
			);
			productName = DeclarativeAndRequestExample;
			productReference = DE4274402980121F0003DCE3 /* DeclarativeAndRequestExample.app */;
			productType = "com.apple.product-type.application";
		};
		DE42744F298012200003DCE3 /* DeclarativeAndRequestExampleTests */ = {
			isa = PBXNativeTarget;
			buildConfigurationList = DE427467298012200003DCE3 /* Build configuration list for PBXNativeTarget "DeclarativeAndRequestExampleTests" */;
			buildPhases = (
				DE42744C298012200003DCE3 /* Sources */,
				DE42744D298012200003DCE3 /* Frameworks */,
				DE42744E298012200003DCE3 /* Resources */,
			);
			buildRules = (
			);
			dependencies = (
				DE427452298012200003DCE3 /* PBXTargetDependency */,
			);
			name = DeclarativeAndRequestExampleTests;
			productName = DeclarativeAndRequestExampleTests;
			productReference = DE427450298012200003DCE3 /* DeclarativeAndRequestExampleTests.xctest */;
			productType = "com.apple.product-type.bundle.unit-test";
		};
		DE427459298012200003DCE3 /* DeclarativeAndRequestExampleUITests */ = {
			isa = PBXNativeTarget;
			buildConfigurationList = DE42746A298012200003DCE3 /* Build configuration list for PBXNativeTarget "DeclarativeAndRequestExampleUITests" */;
			buildPhases = (
				DE427456298012200003DCE3 /* Sources */,
				DE427457298012200003DCE3 /* Frameworks */,
				DE427458298012200003DCE3 /* Resources */,
			);
			buildRules = (
			);
			dependencies = (
				DE42745C298012200003DCE3 /* PBXTargetDependency */,
			);
			name = DeclarativeAndRequestExampleUITests;
			productName = DeclarativeAndRequestExampleUITests;
			productReference = DE42745A298012200003DCE3 /* DeclarativeAndRequestExampleUITests.xctest */;
			productType = "com.apple.product-type.bundle.ui-testing";
		};
/* End PBXNativeTarget section */

/* Begin PBXProject section */
		DE4274382980121F0003DCE3 /* Project object */ = {
			isa = PBXProject;
			attributes = {
				BuildIndependentTargetsInParallel = 1;
				LastSwiftUpdateCheck = 1420;
				LastUpgradeCheck = 1420;
				TargetAttributes = {
					DE42743F2980121F0003DCE3 = {
						CreatedOnToolsVersion = 14.2;
					};
					DE42744F298012200003DCE3 = {
						CreatedOnToolsVersion = 14.2;
						TestTargetID = DE42743F2980121F0003DCE3;
					};
					DE427459298012200003DCE3 = {
						CreatedOnToolsVersion = 14.2;
						TestTargetID = DE42743F2980121F0003DCE3;
					};
				};
			};
			buildConfigurationList = DE42743B2980121F0003DCE3 /* Build configuration list for PBXProject "DeclarativeAndRequestExample" */;
			compatibilityVersion = "Xcode 14.0";
			developmentRegion = en;
			hasScannedForEncodings = 0;
			knownRegions = (
				en,
				Base,
			);
			mainGroup = DE4274372980121F0003DCE3;
			packageReferences = (
				DE42746D298013840003DCE3 /* XCRemoteSwiftPackageReference "realm-swift" */,
				DE427472298013CD0003DCE3 /* XCRemoteSwiftPackageReference "SDWebImageSwiftUI" */,
				DE427475298014950003DCE3 /* XCRemoteSwiftPackageReference "apollo-ios" */,
				DEEAC1BC29FFB32B00BCA5C9 /* XCRemoteSwiftPackageReference "KeychainAccess" */,
				DEEAC1BF29FFB59C00BCA5C9 /* XCRemoteSwiftPackageReference "CollectionViewPagingLayout" */,
				DEEAC2092A07C3AC00BCA5C9 /* XCRemoteSwiftPackageReference "Parchment" */,
			);
			productRefGroup = DE4274412980121F0003DCE3 /* Products */;
			projectDirPath = "";
			projectRoot = "";
			targets = (
				DE42743F2980121F0003DCE3 /* DeclarativeAndRequestExample */,
				DE42744F298012200003DCE3 /* DeclarativeAndRequestExampleTests */,
				DE427459298012200003DCE3 /* DeclarativeAndRequestExampleUITests */,
			);
		};
/* End PBXProject section */

/* Begin PBXResourcesBuildPhase section */
		DE42743E2980121F0003DCE3 /* Resources */ = {
			isa = PBXResourcesBuildPhase;
			buildActionMask = 2147483647;
			files = (
				DE42744B298012200003DCE3 /* Preview Assets.xcassets in Resources */,
				DE427448298012200003DCE3 /* Assets.xcassets in Resources */,
			);
			runOnlyForDeploymentPostprocessing = 0;
		};
		DE42744E298012200003DCE3 /* Resources */ = {
			isa = PBXResourcesBuildPhase;
			buildActionMask = 2147483647;
			files = (
			);
			runOnlyForDeploymentPostprocessing = 0;
		};
		DE427458298012200003DCE3 /* Resources */ = {
			isa = PBXResourcesBuildPhase;
			buildActionMask = 2147483647;
			files = (
			);
			runOnlyForDeploymentPostprocessing = 0;
		};
/* End PBXResourcesBuildPhase section */

/* Begin PBXSourcesBuildPhase section */
		DE42743C2980121F0003DCE3 /* Sources */ = {
			isa = PBXSourcesBuildPhase;
			buildActionMask = 2147483647;
			files = (
				DE4274462980121F0003DCE3 /* ContentView.swift in Sources */,
				DEEAC21F2A0B91C400BCA5C9 /* NewsScreenView.swift in Sources */,
				DE4274442980121F0003DCE3 /* DeclarativeAndRequestExampleApp.swift in Sources */,
				DEEAC2172A0B911300BCA5C9 /* MainScreenView.swift in Sources */,
				DEEAC2222A0B91F400BCA5C9 /* FeaturedDetailScreenView.swift in Sources */,
				DEEAC22C2A0D0EB300BCA5C9 /* ArticleEntity.swift in Sources */,
				DEEAC2272A0D0D0D00BCA5C9 /* MainViewModel.swift in Sources */,
				DEB8DC042A0E83E600DFA8A7 /* NewsViewModel.swift in Sources */,
				DEB8DC022A0E83D700DFA8A7 /* NewsEntity.swift in Sources */,
				DEEAC2252A0B92DA00BCA5C9 /* ArticleListViewScreen.swift in Sources */,
				DEEAC20F2A09DB6900BCA5C9 /* RealmAccessManager.swift in Sources */,
				DEEAC2152A0B910400BCA5C9 /* GalleryScreenView.swift in Sources */,
				DEEAC2112A09DCC800BCA5C9 /* KeychainAccessManager.swift in Sources */,
				DEEAC2192A0B913D00BCA5C9 /* FeaturedScreenView.swift in Sources */,
				DEEAC21C2A0B917600BCA5C9 /* LoginScreenView.swift in Sources */,
				DEEAC2132A0B90D200BCA5C9 /* FavoriteScreenView.swift in Sources */,
			);
			runOnlyForDeploymentPostprocessing = 0;
		};
		DE42744C298012200003DCE3 /* Sources */ = {
			isa = PBXSourcesBuildPhase;
			buildActionMask = 2147483647;
			files = (
				DE427455298012200003DCE3 /* DeclarativeAndRequestExampleTests.swift in Sources */,
			);
			runOnlyForDeploymentPostprocessing = 0;
		};
		DE427456298012200003DCE3 /* Sources */ = {
			isa = PBXSourcesBuildPhase;
			buildActionMask = 2147483647;
			files = (
				DE427461298012200003DCE3 /* DeclarativeAndRequestExampleUITestsLaunchTests.swift in Sources */,
				DE42745F298012200003DCE3 /* DeclarativeAndRequestExampleUITests.swift in Sources */,
			);
			runOnlyForDeploymentPostprocessing = 0;
		};
/* End PBXSourcesBuildPhase section */

/* Begin PBXTargetDependency section */
		DE427452298012200003DCE3 /* PBXTargetDependency */ = {
			isa = PBXTargetDependency;
			target = DE42743F2980121F0003DCE3 /* DeclarativeAndRequestExample */;
			targetProxy = DE427451298012200003DCE3 /* PBXContainerItemProxy */;
		};
		DE42745C298012200003DCE3 /* PBXTargetDependency */ = {
			isa = PBXTargetDependency;
			target = DE42743F2980121F0003DCE3 /* DeclarativeAndRequestExample */;
			targetProxy = DE42745B298012200003DCE3 /* PBXContainerItemProxy */;
		};
/* End PBXTargetDependency section */

/* Begin XCBuildConfiguration section */
		DE427462298012200003DCE3 /* Debug */ = {
			isa = XCBuildConfiguration;
			buildSettings = {
				ALWAYS_SEARCH_USER_PATHS = NO;
				CLANG_ANALYZER_NONNULL = YES;
				CLANG_ANALYZER_NUMBER_OBJECT_CONVERSION = YES_AGGRESSIVE;
				CLANG_CXX_LANGUAGE_STANDARD = "gnu++20";
				CLANG_ENABLE_MODULES = YES;
				CLANG_ENABLE_OBJC_ARC = YES;
				CLANG_ENABLE_OBJC_WEAK = YES;
				CLANG_WARN_BLOCK_CAPTURE_AUTORELEASING = YES;
				CLANG_WARN_BOOL_CONVERSION = YES;
				CLANG_WARN_COMMA = YES;
				CLANG_WARN_CONSTANT_CONVERSION = YES;
				CLANG_WARN_DEPRECATED_OBJC_IMPLEMENTATIONS = YES;
				CLANG_WARN_DIRECT_OBJC_ISA_USAGE = YES_ERROR;
				CLANG_WARN_DOCUMENTATION_COMMENTS = YES;
				CLANG_WARN_EMPTY_BODY = YES;
				CLANG_WARN_ENUM_CONVERSION = YES;
				CLANG_WARN_INFINITE_RECURSION = YES;
				CLANG_WARN_INT_CONVERSION = YES;
				CLANG_WARN_NON_LITERAL_NULL_CONVERSION = YES;
				CLANG_WARN_OBJC_IMPLICIT_RETAIN_SELF = YES;
				CLANG_WARN_OBJC_LITERAL_CONVERSION = YES;
				CLANG_WARN_OBJC_ROOT_CLASS = YES_ERROR;
				CLANG_WARN_QUOTED_INCLUDE_IN_FRAMEWORK_HEADER = YES;
				CLANG_WARN_RANGE_LOOP_ANALYSIS = YES;
				CLANG_WARN_STRICT_PROTOTYPES = YES;
				CLANG_WARN_SUSPICIOUS_MOVE = YES;
				CLANG_WARN_UNGUARDED_AVAILABILITY = YES_AGGRESSIVE;
				CLANG_WARN_UNREACHABLE_CODE = YES;
				CLANG_WARN__DUPLICATE_METHOD_MATCH = YES;
				COPY_PHASE_STRIP = NO;
				DEBUG_INFORMATION_FORMAT = dwarf;
				ENABLE_STRICT_OBJC_MSGSEND = YES;
				ENABLE_TESTABILITY = YES;
				GCC_C_LANGUAGE_STANDARD = gnu11;
				GCC_DYNAMIC_NO_PIC = NO;
				GCC_NO_COMMON_BLOCKS = YES;
				GCC_OPTIMIZATION_LEVEL = 0;
				GCC_PREPROCESSOR_DEFINITIONS = (
					"DEBUG=1",
					"$(inherited)",
				);
				GCC_WARN_64_TO_32_BIT_CONVERSION = YES;
				GCC_WARN_ABOUT_RETURN_TYPE = YES_ERROR;
				GCC_WARN_UNDECLARED_SELECTOR = YES;
				GCC_WARN_UNINITIALIZED_AUTOS = YES_AGGRESSIVE;
				GCC_WARN_UNUSED_FUNCTION = YES;
				GCC_WARN_UNUSED_VARIABLE = YES;
				IPHONEOS_DEPLOYMENT_TARGET = 16.1;
				MTL_ENABLE_DEBUG_INFO = INCLUDE_SOURCE;
				MTL_FAST_MATH = YES;
				ONLY_ACTIVE_ARCH = YES;
				SDKROOT = iphoneos;
				SWIFT_ACTIVE_COMPILATION_CONDITIONS = DEBUG;
				SWIFT_OPTIMIZATION_LEVEL = "-Onone";
			};
			name = Debug;
		};
		DE427463298012200003DCE3 /* Release */ = {
			isa = XCBuildConfiguration;
			buildSettings = {
				ALWAYS_SEARCH_USER_PATHS = NO;
				CLANG_ANALYZER_NONNULL = YES;
				CLANG_ANALYZER_NUMBER_OBJECT_CONVERSION = YES_AGGRESSIVE;
				CLANG_CXX_LANGUAGE_STANDARD = "gnu++20";
				CLANG_ENABLE_MODULES = YES;
				CLANG_ENABLE_OBJC_ARC = YES;
				CLANG_ENABLE_OBJC_WEAK = YES;
				CLANG_WARN_BLOCK_CAPTURE_AUTORELEASING = YES;
				CLANG_WARN_BOOL_CONVERSION = YES;
				CLANG_WARN_COMMA = YES;
				CLANG_WARN_CONSTANT_CONVERSION = YES;
				CLANG_WARN_DEPRECATED_OBJC_IMPLEMENTATIONS = YES;
				CLANG_WARN_DIRECT_OBJC_ISA_USAGE = YES_ERROR;
				CLANG_WARN_DOCUMENTATION_COMMENTS = YES;
				CLANG_WARN_EMPTY_BODY = YES;
				CLANG_WARN_ENUM_CONVERSION = YES;
				CLANG_WARN_INFINITE_RECURSION = YES;
				CLANG_WARN_INT_CONVERSION = YES;
				CLANG_WARN_NON_LITERAL_NULL_CONVERSION = YES;
				CLANG_WARN_OBJC_IMPLICIT_RETAIN_SELF = YES;
				CLANG_WARN_OBJC_LITERAL_CONVERSION = YES;
				CLANG_WARN_OBJC_ROOT_CLASS = YES_ERROR;
				CLANG_WARN_QUOTED_INCLUDE_IN_FRAMEWORK_HEADER = YES;
				CLANG_WARN_RANGE_LOOP_ANALYSIS = YES;
				CLANG_WARN_STRICT_PROTOTYPES = YES;
				CLANG_WARN_SUSPICIOUS_MOVE = YES;
				CLANG_WARN_UNGUARDED_AVAILABILITY = YES_AGGRESSIVE;
				CLANG_WARN_UNREACHABLE_CODE = YES;
				CLANG_WARN__DUPLICATE_METHOD_MATCH = YES;
				COPY_PHASE_STRIP = NO;
				DEBUG_INFORMATION_FORMAT = "dwarf-with-dsym";
				ENABLE_NS_ASSERTIONS = NO;
				ENABLE_STRICT_OBJC_MSGSEND = YES;
				GCC_C_LANGUAGE_STANDARD = gnu11;
				GCC_NO_COMMON_BLOCKS = YES;
				GCC_WARN_64_TO_32_BIT_CONVERSION = YES;
				GCC_WARN_ABOUT_RETURN_TYPE = YES_ERROR;
				GCC_WARN_UNDECLARED_SELECTOR = YES;
				GCC_WARN_UNINITIALIZED_AUTOS = YES_AGGRESSIVE;
				GCC_WARN_UNUSED_FUNCTION = YES;
				GCC_WARN_UNUSED_VARIABLE = YES;
				IPHONEOS_DEPLOYMENT_TARGET = 16.1;
				MTL_ENABLE_DEBUG_INFO = NO;
				MTL_FAST_MATH = YES;
				SDKROOT = iphoneos;
				SWIFT_COMPILATION_MODE = wholemodule;
				SWIFT_OPTIMIZATION_LEVEL = "-O";
				VALIDATE_PRODUCT = YES;
			};
			name = Release;
		};
		DE427465298012200003DCE3 /* Debug */ = {
			isa = XCBuildConfiguration;
			buildSettings = {
				ASSETCATALOG_COMPILER_APPICON_NAME = AppIcon;
				ASSETCATALOG_COMPILER_GLOBAL_ACCENT_COLOR_NAME = AccentColor;
				CODE_SIGN_STYLE = Automatic;
				CURRENT_PROJECT_VERSION = 1;
				DEVELOPMENT_ASSET_PATHS = "\"DeclarativeAndRequestExample/Preview Content\"";
				DEVELOPMENT_TEAM = S5BF5553KY;
				ENABLE_PREVIEWS = YES;
				GENERATE_INFOPLIST_FILE = YES;
				INFOPLIST_KEY_UIApplicationSceneManifest_Generation = YES;
				INFOPLIST_KEY_UIApplicationSupportsIndirectInputEvents = YES;
				INFOPLIST_KEY_UILaunchScreen_Generation = YES;
				INFOPLIST_KEY_UISupportedInterfaceOrientations = UIInterfaceOrientationPortrait;
				LD_RUNPATH_SEARCH_PATHS = (
					"$(inherited)",
					"@executable_path/Frameworks",
				);
				MARKETING_VERSION = 1.0;
				PRODUCT_BUNDLE_IDENTIFIER = net.just1factory.DeclarativeAndRequestExample;
				PRODUCT_NAME = "$(TARGET_NAME)";
				SWIFT_EMIT_LOC_STRINGS = YES;
				SWIFT_VERSION = 5.0;
				TARGETED_DEVICE_FAMILY = "1,2";
			};
			name = Debug;
		};
		DE427466298012200003DCE3 /* Release */ = {
			isa = XCBuildConfiguration;
			buildSettings = {
				ASSETCATALOG_COMPILER_APPICON_NAME = AppIcon;
				ASSETCATALOG_COMPILER_GLOBAL_ACCENT_COLOR_NAME = AccentColor;
				CODE_SIGN_STYLE = Automatic;
				CURRENT_PROJECT_VERSION = 1;
				DEVELOPMENT_ASSET_PATHS = "\"DeclarativeAndRequestExample/Preview Content\"";
				DEVELOPMENT_TEAM = S5BF5553KY;
				ENABLE_PREVIEWS = YES;
				GENERATE_INFOPLIST_FILE = YES;
				INFOPLIST_KEY_UIApplicationSceneManifest_Generation = YES;
				INFOPLIST_KEY_UIApplicationSupportsIndirectInputEvents = YES;
				INFOPLIST_KEY_UILaunchScreen_Generation = YES;
				INFOPLIST_KEY_UISupportedInterfaceOrientations = UIInterfaceOrientationPortrait;
				LD_RUNPATH_SEARCH_PATHS = (
					"$(inherited)",
					"@executable_path/Frameworks",
				);
				MARKETING_VERSION = 1.0;
				PRODUCT_BUNDLE_IDENTIFIER = net.just1factory.DeclarativeAndRequestExample;
				PRODUCT_NAME = "$(TARGET_NAME)";
				SWIFT_EMIT_LOC_STRINGS = YES;
				SWIFT_VERSION = 5.0;
				TARGETED_DEVICE_FAMILY = "1,2";
			};
			name = Release;
		};
		DE427468298012200003DCE3 /* Debug */ = {
			isa = XCBuildConfiguration;
			buildSettings = {
				ALWAYS_EMBED_SWIFT_STANDARD_LIBRARIES = YES;
				BUNDLE_LOADER = "$(TEST_HOST)";
				CODE_SIGN_STYLE = Automatic;
				CURRENT_PROJECT_VERSION = 1;
				DEVELOPMENT_TEAM = S5BF5553KY;
				GENERATE_INFOPLIST_FILE = YES;
				IPHONEOS_DEPLOYMENT_TARGET = 16.2;
				MARKETING_VERSION = 1.0;
				PRODUCT_BUNDLE_IDENTIFIER = net.just1factory.DeclarativeAndRequestExampleTests;
				PRODUCT_NAME = "$(TARGET_NAME)";
				SWIFT_EMIT_LOC_STRINGS = NO;
				SWIFT_VERSION = 5.0;
				TARGETED_DEVICE_FAMILY = "1,2";
				TEST_HOST = "$(BUILT_PRODUCTS_DIR)/DeclarativeAndRequestExample.app/$(BUNDLE_EXECUTABLE_FOLDER_PATH)/DeclarativeAndRequestExample";
			};
			name = Debug;
		};
		DE427469298012200003DCE3 /* Release */ = {
			isa = XCBuildConfiguration;
			buildSettings = {
				ALWAYS_EMBED_SWIFT_STANDARD_LIBRARIES = YES;
				BUNDLE_LOADER = "$(TEST_HOST)";
				CODE_SIGN_STYLE = Automatic;
				CURRENT_PROJECT_VERSION = 1;
				DEVELOPMENT_TEAM = S5BF5553KY;
				GENERATE_INFOPLIST_FILE = YES;
				IPHONEOS_DEPLOYMENT_TARGET = 16.2;
				MARKETING_VERSION = 1.0;
				PRODUCT_BUNDLE_IDENTIFIER = net.just1factory.DeclarativeAndRequestExampleTests;
				PRODUCT_NAME = "$(TARGET_NAME)";
				SWIFT_EMIT_LOC_STRINGS = NO;
				SWIFT_VERSION = 5.0;
				TARGETED_DEVICE_FAMILY = "1,2";
				TEST_HOST = "$(BUILT_PRODUCTS_DIR)/DeclarativeAndRequestExample.app/$(BUNDLE_EXECUTABLE_FOLDER_PATH)/DeclarativeAndRequestExample";
			};
			name = Release;
		};
		DE42746B298012200003DCE3 /* Debug */ = {
			isa = XCBuildConfiguration;
			buildSettings = {
				ALWAYS_EMBED_SWIFT_STANDARD_LIBRARIES = YES;
				CODE_SIGN_STYLE = Automatic;
				CURRENT_PROJECT_VERSION = 1;
				DEVELOPMENT_TEAM = S5BF5553KY;
				GENERATE_INFOPLIST_FILE = YES;
				MARKETING_VERSION = 1.0;
				PRODUCT_BUNDLE_IDENTIFIER = net.just1factory.DeclarativeAndRequestExampleUITests;
				PRODUCT_NAME = "$(TARGET_NAME)";
				SWIFT_EMIT_LOC_STRINGS = NO;
				SWIFT_VERSION = 5.0;
				TARGETED_DEVICE_FAMILY = "1,2";
				TEST_TARGET_NAME = DeclarativeAndRequestExample;
			};
			name = Debug;
		};
		DE42746C298012200003DCE3 /* Release */ = {
			isa = XCBuildConfiguration;
			buildSettings = {
				ALWAYS_EMBED_SWIFT_STANDARD_LIBRARIES = YES;
				CODE_SIGN_STYLE = Automatic;
				CURRENT_PROJECT_VERSION = 1;
				DEVELOPMENT_TEAM = S5BF5553KY;
				GENERATE_INFOPLIST_FILE = YES;
				MARKETING_VERSION = 1.0;
				PRODUCT_BUNDLE_IDENTIFIER = net.just1factory.DeclarativeAndRequestExampleUITests;
				PRODUCT_NAME = "$(TARGET_NAME)";
				SWIFT_EMIT_LOC_STRINGS = NO;
				SWIFT_VERSION = 5.0;
				TARGETED_DEVICE_FAMILY = "1,2";
				TEST_TARGET_NAME = DeclarativeAndRequestExample;
			};
			name = Release;
		};
/* End XCBuildConfiguration section */

/* Begin XCConfigurationList section */
		DE42743B2980121F0003DCE3 /* Build configuration list for PBXProject "DeclarativeAndRequestExample" */ = {
			isa = XCConfigurationList;
			buildConfigurations = (
				DE427462298012200003DCE3 /* Debug */,
				DE427463298012200003DCE3 /* Release */,
			);
			defaultConfigurationIsVisible = 0;
			defaultConfigurationName = Release;
		};
		DE427464298012200003DCE3 /* Build configuration list for PBXNativeTarget "DeclarativeAndRequestExample" */ = {
			isa = XCConfigurationList;
			buildConfigurations = (
				DE427465298012200003DCE3 /* Debug */,
				DE427466298012200003DCE3 /* Release */,
			);
			defaultConfigurationIsVisible = 0;
			defaultConfigurationName = Release;
		};
		DE427467298012200003DCE3 /* Build configuration list for PBXNativeTarget "DeclarativeAndRequestExampleTests" */ = {
			isa = XCConfigurationList;
			buildConfigurations = (
				DE427468298012200003DCE3 /* Debug */,
				DE427469298012200003DCE3 /* Release */,
			);
			defaultConfigurationIsVisible = 0;
			defaultConfigurationName = Release;
		};
		DE42746A298012200003DCE3 /* Build configuration list for PBXNativeTarget "DeclarativeAndRequestExampleUITests" */ = {
			isa = XCConfigurationList;
			buildConfigurations = (
				DE42746B298012200003DCE3 /* Debug */,
				DE42746C298012200003DCE3 /* Release */,
			);
			defaultConfigurationIsVisible = 0;
			defaultConfigurationName = Release;
		};
/* End XCConfigurationList section */

/* Begin XCRemoteSwiftPackageReference section */
		DE42746D298013840003DCE3 /* XCRemoteSwiftPackageReference "realm-swift" */ = {
			isa = XCRemoteSwiftPackageReference;
			repositoryURL = "https://github.com/realm/realm-swift.git";
			requirement = {
				kind = upToNextMajorVersion;
				minimumVersion = 10.34.1;
			};
		};
		DE427472298013CD0003DCE3 /* XCRemoteSwiftPackageReference "SDWebImageSwiftUI" */ = {
			isa = XCRemoteSwiftPackageReference;
			repositoryURL = "https://github.com/SDWebImage/SDWebImageSwiftUI.git";
			requirement = {
				kind = upToNextMajorVersion;
				minimumVersion = 2.0.0;
			};
		};
		DE427475298014950003DCE3 /* XCRemoteSwiftPackageReference "apollo-ios" */ = {
			isa = XCRemoteSwiftPackageReference;
			repositoryURL = "https://github.com/apollographql/apollo-ios.git";
			requirement = {
				kind = upToNextMajorVersion;
				minimumVersion = 1.0.0;
			};
		};
		DEEAC1BC29FFB32B00BCA5C9 /* XCRemoteSwiftPackageReference "KeychainAccess" */ = {
			isa = XCRemoteSwiftPackageReference;
			repositoryURL = "https://github.com/kishikawakatsumi/KeychainAccess.git";
			requirement = {
				kind = upToNextMajorVersion;
				minimumVersion = 4.2.2;
			};
		};
		DEEAC1BF29FFB59C00BCA5C9 /* XCRemoteSwiftPackageReference "CollectionViewPagingLayout" */ = {
			isa = XCRemoteSwiftPackageReference;
			repositoryURL = "https://github.com/amirdew/CollectionViewPagingLayout.git";
			requirement = {
				kind = upToNextMajorVersion;
				minimumVersion = 1.0.0;
			};
		};
		DEEAC2092A07C3AC00BCA5C9 /* XCRemoteSwiftPackageReference "Parchment" */ = {
			isa = XCRemoteSwiftPackageReference;
			repositoryURL = "https://github.com/rechsteiner/Parchment.git";
			requirement = {
				branch = main;
				kind = branch;
			};
		};
/* End XCRemoteSwiftPackageReference section */

/* Begin XCSwiftPackageProductDependency section */
		DE42746E298013840003DCE3 /* Realm */ = {
			isa = XCSwiftPackageProductDependency;
			package = DE42746D298013840003DCE3 /* XCRemoteSwiftPackageReference "realm-swift" */;
			productName = Realm;
		};
		DE427470298013840003DCE3 /* RealmSwift */ = {
			isa = XCSwiftPackageProductDependency;
			package = DE42746D298013840003DCE3 /* XCRemoteSwiftPackageReference "realm-swift" */;
			productName = RealmSwift;
		};
		DE427473298013CD0003DCE3 /* SDWebImageSwiftUI */ = {
			isa = XCSwiftPackageProductDependency;
			package = DE427472298013CD0003DCE3 /* XCRemoteSwiftPackageReference "SDWebImageSwiftUI" */;
			productName = SDWebImageSwiftUI;
		};
		DE427476298014950003DCE3 /* Apollo */ = {
			isa = XCSwiftPackageProductDependency;
			package = DE427475298014950003DCE3 /* XCRemoteSwiftPackageReference "apollo-ios" */;
			productName = Apollo;
		};
		DEEAC1BD29FFB32B00BCA5C9 /* KeychainAccess */ = {
			isa = XCSwiftPackageProductDependency;
			package = DEEAC1BC29FFB32B00BCA5C9 /* XCRemoteSwiftPackageReference "KeychainAccess" */;
			productName = KeychainAccess;
		};
		DEEAC1C029FFB59C00BCA5C9 /* CollectionViewPagingLayout */ = {
			isa = XCSwiftPackageProductDependency;
			package = DEEAC1BF29FFB59C00BCA5C9 /* XCRemoteSwiftPackageReference "CollectionViewPagingLayout" */;
			productName = CollectionViewPagingLayout;
		};
		DEEAC20A2A07C3AC00BCA5C9 /* Parchment */ = {
			isa = XCSwiftPackageProductDependency;
			package = DEEAC2092A07C3AC00BCA5C9 /* XCRemoteSwiftPackageReference "Parchment" */;
			productName = Parchment;
		};
/* End XCSwiftPackageProductDependency section */
	};
	rootObject = DE4274382980121F0003DCE3 /* Project object */;
}
